
Microsoft Visual Studio Solution File, Format Version 12.00
# Visual Studio 15
VisualStudioVersion = 15.0.27004.2002
MinimumVisualStudioVersion = 10.0.40219.1
Project("{888888A0-9F3D-457C-B088-3A5042F75D52}") = "VkScanerServer", "VkScanerServer.pyproj", "{B8BB7139-075C-42D1-83BB-7630CDBAE3BF}"
EndProject
Global
	GlobalSection(SolutionConfigurationPlatforms) = preSolution
		Debug|Any CPU = Debug|Any CPU
		Release|Any CPU = Release|Any CPU
	EndGlobalSection
	GlobalSection(ProjectConfigurationPlatforms) = postSolution
		{B8BB7139-075C-42D1-83BB-7630CDBAE3BF}.Debug|Any CPU.ActiveCfg = Debug|Any CPU
		{B8BB7139-075C-42D1-83BB-7630CDBAE3BF}.Release|Any CPU.ActiveCfg = Release|Any CPU
	EndGlobalSection
	GlobalSection(SolutionProperties) = preSolution
		HideSolutionNode = FALSE
	EndGlobalSection
	GlobalSection(ExtensibilityGlobals) = postSolution
		SolutionGuid = {1CFBB223-3602-48E0-8860-6E739CBD51C4}
	EndGlobalSection
EndGlobal
